
Microsoft Visual Studio Solution File, Format Version 12.00
# Visual Studio Version 17
VisualStudioVersion = 17.2.32526.322
MinimumVisualStudioVersion = 10.0.40219.1
Project("{9A19103F-16F7-4668-BE54-9A1E7A4F7556}") = "WebApplication4MVCPractice", "WebApplication4MVCPractice\WebApplication4MVCPractice.csproj", "{484EFD25-D4C0-451F-9220-F709B72600FE}"
EndProject
Project("{FAE04EC0-301F-11D3-BF4B-00C04F79EFBC}") = "StudentMVC", "..\StudentMVC\StudentMVC.csproj", "{A2A36878-74C8-4057-A68F-ECC1A1592FE2}"
EndProject
Project("{FAE04EC0-301F-11D3-BF4B-00C04F79EFBC}") = "DropDown", "DropDown\DropDown.csproj", "{768F4A23-F7C6-4353-9334-EA676341F752}"
EndProject
Global
	GlobalSection(SolutionConfigurationPlatforms) = preSolution
		Debug|Any CPU = Debug|Any CPU
		Release|Any CPU = Release|Any CPU
	EndGlobalSection
	GlobalSection(ProjectConfigurationPlatforms) = postSolution
		{484EFD25-D4C0-451F-9220-F709B72600FE}.Debug|Any CPU.ActiveCfg = Debug|Any CPU
		{484EFD25-D4C0-451F-9220-F709B72600FE}.Debug|Any CPU.Build.0 = Debug|Any CPU
		{484EFD25-D4C0-451F-9220-F709B72600FE}.Release|Any CPU.ActiveCfg = Release|Any CPU
		{484EFD25-D4C0-451F-9220-F709B72600FE}.Release|Any CPU.Build.0 = Release|Any CPU
		{A2A36878-74C8-4057-A68F-ECC1A1592FE2}.Debug|Any CPU.ActiveCfg = Debug|Any CPU
		{A2A36878-74C8-4057-A68F-ECC1A1592FE2}.Debug|Any CPU.Build.0 = Debug|Any CPU
		{A2A36878-74C8-4057-A68F-ECC1A1592FE2}.Release|Any CPU.ActiveCfg = Release|Any CPU
		{A2A36878-74C8-4057-A68F-ECC1A1592FE2}.Release|Any CPU.Build.0 = Release|Any CPU
		{768F4A23-F7C6-4353-9334-EA676341F752}.Debug|Any CPU.ActiveCfg = Debug|Any CPU
		{768F4A23-F7C6-4353-9334-EA676341F752}.Debug|Any CPU.Build.0 = Debug|Any CPU
		{768F4A23-F7C6-4353-9334-EA676341F752}.Release|Any CPU.ActiveCfg = Release|Any CPU
		{768F4A23-F7C6-4353-9334-EA676341F752}.Release|Any CPU.Build.0 = Release|Any CPU
	EndGlobalSection
	GlobalSection(SolutionProperties) = preSolution
		HideSolutionNode = FALSE
	EndGlobalSection
	GlobalSection(ExtensibilityGlobals) = postSolution
		SolutionGuid = {D57330F7-1EFA-45A5-BF50-9EA6700A6236}
	EndGlobalSection
EndGlobal
